// !$*UTF8*$!
{
	archiveVersion = 1;
	classes = {
	};
	objectVersion = 55;
	objects = {

/* Begin PBXBuildFile section */
		1FCDFB922836B0F300D9EE3C /* AppDelegate.swift in Sources */ = {isa = PBXBuildFile; fileRef = 1FCDFB912836B0F300D9EE3C /* AppDelegate.swift */; };
		1FCDFB942836B0F300D9EE3C /* SceneDelegate.swift in Sources */ = {isa = PBXBuildFile; fileRef = 1FCDFB932836B0F300D9EE3C /* SceneDelegate.swift */; };
		1FCDFB992836B0F300D9EE3C /* Main.storyboard in Resources */ = {isa = PBXBuildFile; fileRef = 1FCDFB972836B0F300D9EE3C /* Main.storyboard */; };
		1FCDFB9B2836B0F400D9EE3C /* Assets.xcassets in Resources */ = {isa = PBXBuildFile; fileRef = 1FCDFB9A2836B0F400D9EE3C /* Assets.xcassets */; };
		1FCDFB9E2836B0F400D9EE3C /* LaunchScreen.storyboard in Resources */ = {isa = PBXBuildFile; fileRef = 1FCDFB9C2836B0F400D9EE3C /* LaunchScreen.storyboard */; };
		1FCDFBAA2836B22000D9EE3C /* TableViewControllerPerson.swift in Sources */ = {isa = PBXBuildFile; fileRef = 1FCDFBA92836B22000D9EE3C /* TableViewControllerPerson.swift */; };
		1FCDFBAC2836B28000D9EE3C /* NetworkManager.swift in Sources */ = {isa = PBXBuildFile; fileRef = 1FCDFBAB2836B28000D9EE3C /* NetworkManager.swift */; };
		1FCDFBAE2836C93400D9EE3C /* DoorViewController.swift in Sources */ = {isa = PBXBuildFile; fileRef = 1FCDFBAD2836C93400D9EE3C /* DoorViewController.swift */; };
		1FCDFBDA283A85E500D9EE3C /* Models.swift in Sources */ = {isa = PBXBuildFile; fileRef = 1FCDFBD9283A85E500D9EE3C /* Models.swift */; };
/* End PBXBuildFile section */

/* Begin PBXFileReference section */
		1FCDFB8E2836B0F300D9EE3C /* HW 2.10 (2) Gnilitskiy.app */ = {isa = PBXFileReference; explicitFileType = wrapper.application; includeInIndex = 0; path = "HW 2.10 (2) Gnilitskiy.app"; sourceTree = BUILT_PRODUCTS_DIR; };
		1FCDFB912836B0F300D9EE3C /* AppDelegate.swift */ = {isa = PBXFileReference; lastKnownFileType = sourcecode.swift; path = AppDelegate.swift; sourceTree = "<group>"; };
		1FCDFB932836B0F300D9EE3C /* SceneDelegate.swift */ = {isa = PBXFileReference; lastKnownFileType = sourcecode.swift; path = SceneDelegate.swift; sourceTree = "<group>"; };
		1FCDFB982836B0F300D9EE3C /* Base */ = {isa = PBXFileReference; lastKnownFileType = file.storyboard; name = Base; path = Base.lproj/Main.storyboard; sourceTree = "<group>"; };
		1FCDFB9A2836B0F400D9EE3C /* Assets.xcassets */ = {isa = PBXFileReference; lastKnownFileType = folder.assetcatalog; path = Assets.xcassets; sourceTree = "<group>"; };
		1FCDFB9D2836B0F400D9EE3C /* Base */ = {isa = PBXFileReference; lastKnownFileType = file.storyboard; name = Base; path = Base.lproj/LaunchScreen.storyboard; sourceTree = "<group>"; };
		1FCDFB9F2836B0F400D9EE3C /* Info.plist */ = {isa = PBXFileReference; lastKnownFileType = text.plist.xml; path = Info.plist; sourceTree = "<group>"; };
		1FCDFBA92836B22000D9EE3C /* TableViewControllerPerson.swift */ = {isa = PBXFileReference; lastKnownFileType = sourcecode.swift; path = TableViewControllerPerson.swift; sourceTree = "<group>"; };
		1FCDFBAB2836B28000D9EE3C /* NetworkManager.swift */ = {isa = PBXFileReference; lastKnownFileType = sourcecode.swift; path = NetworkManager.swift; sourceTree = "<group>"; };
		1FCDFBAD2836C93400D9EE3C /* DoorViewController.swift */ = {isa = PBXFileReference; lastKnownFileType = sourcecode.swift; path = DoorViewController.swift; sourceTree = "<group>"; };
		1FCDFBD9283A85E500D9EE3C /* Models.swift */ = {isa = PBXFileReference; lastKnownFileType = sourcecode.swift; path = Models.swift; sourceTree = "<group>"; };
/* End PBXFileReference section */

/* Begin PBXFrameworksBuildPhase section */
		1FCDFB8B2836B0F300D9EE3C /* Frameworks */ = {
			isa = PBXFrameworksBuildPhase;
			buildActionMask = 2147483647;
			files = (
			);
			runOnlyForDeploymentPostprocessing = 0;
		};
/* End PBXFrameworksBuildPhase section */

/* Begin PBXGroup section */
		1FCDFB852836B0F300D9EE3C = {
			isa = PBXGroup;
			children = (
				1FCDFB902836B0F300D9EE3C /* HW 2.10 (2) Gnilitskiy */,
				1FCDFB8F2836B0F300D9EE3C /* Products */,
			);
			sourceTree = "<group>";
		};
		1FCDFB8F2836B0F300D9EE3C /* Products */ = {
			isa = PBXGroup;
			children = (
				1FCDFB8E2836B0F300D9EE3C /* HW 2.10 (2) Gnilitskiy.app */,
			);
			name = Products;
			sourceTree = "<group>";
		};
		1FCDFB902836B0F300D9EE3C /* HW 2.10 (2) Gnilitskiy */ = {
			isa = PBXGroup;
			children = (
				1FCDFB912836B0F300D9EE3C /* AppDelegate.swift */,
				1FCDFB932836B0F300D9EE3C /* SceneDelegate.swift */,
				1FCDFBAD2836C93400D9EE3C /* DoorViewController.swift */,
				1FCDFBA92836B22000D9EE3C /* TableViewControllerPerson.swift */,
				1FCDFBAB2836B28000D9EE3C /* NetworkManager.swift */,
				1FCDFBD9283A85E500D9EE3C /* Models.swift */,
				1FCDFB972836B0F300D9EE3C /* Main.storyboard */,
				1FCDFB9A2836B0F400D9EE3C /* Assets.xcassets */,
				1FCDFB9C2836B0F400D9EE3C /* LaunchScreen.storyboard */,
				1FCDFB9F2836B0F400D9EE3C /* Info.plist */,
			);
			path = "HW 2.10 (2) Gnilitskiy";
			sourceTree = "<group>";
		};
/* End PBXGroup section */

/* Begin PBXNativeTarget section */
		1FCDFB8D2836B0F300D9EE3C /* HW 2.10 (2) Gnilitskiy */ = {
			isa = PBXNativeTarget;
			buildConfigurationList = 1FCDFBA22836B0F400D9EE3C /* Build configuration list for PBXNativeTarget "HW 2.10 (2) Gnilitskiy" */;
			buildPhases = (
				1FCDFB8A2836B0F300D9EE3C /* Sources */,
				1FCDFB8B2836B0F300D9EE3C /* Frameworks */,
				1FCDFB8C2836B0F300D9EE3C /* Resources */,
			);
			buildRules = (
			);
			dependencies = (
			);
			name = "HW 2.10 (2) Gnilitskiy";
			productName = "HW 2.10 (2) Gnilitskiy";
			productReference = 1FCDFB8E2836B0F300D9EE3C /* HW 2.10 (2) Gnilitskiy.app */;
			productType = "com.apple.product-type.application";
		};
/* End PBXNativeTarget section */

/* Begin PBXProject section */
		1FCDFB862836B0F300D9EE3C /* Project object */ = {
			isa = PBXProject;
			attributes = {
				BuildIndependentTargetsInParallel = 1;
				LastSwiftUpdateCheck = 1330;
				LastUpgradeCheck = 1330;
				TargetAttributes = {
					1FCDFB8D2836B0F300D9EE3C = {
						CreatedOnToolsVersion = 13.3.1;
					};
				};
			};
			buildConfigurationList = 1FCDFB892836B0F300D9EE3C /* Build configuration list for PBXProject "HW 2.10 (2) Gnilitskiy" */;
			compatibilityVersion = "Xcode 13.0";
			developmentRegion = en;
			hasScannedForEncodings = 0;
			knownRegions = (
				en,
				Base,
			);
			mainGroup = 1FCDFB852836B0F300D9EE3C;
			productRefGroup = 1FCDFB8F2836B0F300D9EE3C /* Products */;
			projectDirPath = "";
			projectRoot = "";
			targets = (
				1FCDFB8D2836B0F300D9EE3C /* HW 2.10 (2) Gnilitskiy */,
			);
		};
/* End PBXProject section */

/* Begin PBXResourcesBuildPhase section */
		1FCDFB8C2836B0F300D9EE3C /* Resources */ = {
			isa = PBXResourcesBuildPhase;
			buildActionMask = 2147483647;
			files = (
				1FCDFB9E2836B0F400D9EE3C /* LaunchScreen.storyboard in Resources */,
				1FCDFB9B2836B0F400D9EE3C /* Assets.xcassets in Resources */,
				1FCDFB992836B0F300D9EE3C /* Main.storyboard in Resources */,
			);
			runOnlyForDeploymentPostprocessing = 0;
		};
/* End PBXResourcesBuildPhase section */

/* Begin PBXSourcesBuildPhase section */
		1FCDFB8A2836B0F300D9EE3C /* Sources */ = {
			isa = PBXSourcesBuildPhase;
			buildActionMask = 2147483647;
			files = (
				1FCDFBAC2836B28000D9EE3C /* NetworkManager.swift in Sources */,
				1FCDFB922836B0F300D9EE3C /* AppDelegate.swift in Sources */,
				1FCDFBAE2836C93400D9EE3C /* DoorViewController.swift in Sources */,
				1FCDFBDA283A85E500D9EE3C /* Models.swift in Sources */,
				1FCDFB942836B0F300D9EE3C /* SceneDelegate.swift in Sources */,
				1FCDFBAA2836B22000D9EE3C /* TableViewControllerPerson.swift in Sources */,
			);
			runOnlyForDeploymentPostprocessing = 0;
		};
/* End PBXSourcesBuildPhase section */

/* Begin PBXVariantGroup section */
		1FCDFB972836B0F300D9EE3C /* Main.storyboard */ = {
			isa = PBXVariantGroup;
			children = (
				1FCDFB982836B0F300D9EE3C /* Base */,
			);
			name = Main.storyboard;
			sourceTree = "<group>";
		};
		1FCDFB9C2836B0F400D9EE3C /* LaunchScreen.storyboard */ = {
			isa = PBXVariantGroup;
			children = (
				1FCDFB9D2836B0F400D9EE3C /* Base */,
			);
			name = LaunchScreen.storyboard;
			sourceTree = "<group>";
		};
/* End PBXVariantGroup section */

/* Begin XCBuildConfiguration section */
		1FCDFBA02836B0F400D9EE3C /* Debug */ = {
			isa = XCBuildConfiguration;
			buildSettings = {
				ALWAYS_SEARCH_USER_PATHS = NO;
				CLANG_ANALYZER_NONNULL = YES;
				CLANG_ANALYZER_NUMBER_OBJECT_CONVERSION = YES_AGGRESSIVE;
				CLANG_CXX_LANGUAGE_STANDARD = "gnu++17";
				CLANG_ENABLE_MODULES = YES;
				CLANG_ENABLE_OBJC_ARC = YES;
				CLANG_ENABLE_OBJC_WEAK = YES;
				CLANG_WARN_BLOCK_CAPTURE_AUTORELEASING = YES;
				CLANG_WARN_BOOL_CONVERSION = YES;
				CLANG_WARN_COMMA = YES;
				CLANG_WARN_CONSTANT_CONVERSION = YES;
				CLANG_WARN_DEPRECATED_OBJC_IMPLEMENTATIONS = YES;
				CLANG_WARN_DIRECT_OBJC_ISA_USAGE = YES_ERROR;
				CLANG_WARN_DOCUMENTATION_COMMENTS = YES;
				CLANG_WARN_EMPTY_BODY = YES;
				CLANG_WARN_ENUM_CONVERSION = YES;
				CLANG_WARN_INFINITE_RECURSION = YES;
				CLANG_WARN_INT_CONVERSION = YES;
				CLANG_WARN_NON_LITERAL_NULL_CONVERSION = YES;
				CLANG_WARN_OBJC_IMPLICIT_RETAIN_SELF = YES;
				CLANG_WARN_OBJC_LITERAL_CONVERSION = YES;
				CLANG_WARN_OBJC_ROOT_CLASS = YES_ERROR;
				CLANG_WARN_QUOTED_INCLUDE_IN_FRAMEWORK_HEADER = YES;
				CLANG_WARN_RANGE_LOOP_ANALYSIS = YES;
				CLANG_WARN_STRICT_PROTOTYPES = YES;
				CLANG_WARN_SUSPICIOUS_MOVE = YES;
				CLANG_WARN_UNGUARDED_AVAILABILITY = YES_AGGRESSIVE;
				CLANG_WARN_UNREACHABLE_CODE = YES;
				CLANG_WARN__DUPLICATE_METHOD_MATCH = YES;
				COPY_PHASE_STRIP = NO;
				DEBUG_INFORMATION_FORMAT = dwarf;
				ENABLE_STRICT_OBJC_MSGSEND = YES;
				ENABLE_TESTABILITY = YES;
				GCC_C_LANGUAGE_STANDARD = gnu11;
				GCC_DYNAMIC_NO_PIC = NO;
				GCC_NO_COMMON_BLOCKS = YES;
				GCC_OPTIMIZATION_LEVEL = 0;
				GCC_PREPROCESSOR_DEFINITIONS = (
					"DEBUG=1",
					"$(inherited)",
				);
				GCC_WARN_64_TO_32_BIT_CONVERSION = YES;
				GCC_WARN_ABOUT_RETURN_TYPE = YES_ERROR;
				GCC_WARN_UNDECLARED_SELECTOR = YES;
				GCC_WARN_UNINITIALIZED_AUTOS = YES_AGGRESSIVE;
				GCC_WARN_UNUSED_FUNCTION = YES;
				GCC_WARN_UNUSED_VARIABLE = YES;
				IPHONEOS_DEPLOYMENT_TARGET = 15.4;
				MTL_ENABLE_DEBUG_INFO = INCLUDE_SOURCE;
				MTL_FAST_MATH = YES;
				ONLY_ACTIVE_ARCH = YES;
				SDKROOT = iphoneos;
				SWIFT_ACTIVE_COMPILATION_CONDITIONS = DEBUG;
				SWIFT_OPTIMIZATION_LEVEL = "-Onone";
			};
			name = Debug;
		};
		1FCDFBA12836B0F400D9EE3C /* Release */ = {
			isa = XCBuildConfiguration;
			buildSettings = {
				ALWAYS_SEARCH_USER_PATHS = NO;
				CLANG_ANALYZER_NONNULL = YES;
				CLANG_ANALYZER_NUMBER_OBJECT_CONVERSION = YES_AGGRESSIVE;
				CLANG_CXX_LANGUAGE_STANDARD = "gnu++17";
				CLANG_ENABLE_MODULES = YES;
				CLANG_ENABLE_OBJC_ARC = YES;
				CLANG_ENABLE_OBJC_WEAK = YES;
				CLANG_WARN_BLOCK_CAPTURE_AUTORELEASING = YES;
				CLANG_WARN_BOOL_CONVERSION = YES;
				CLANG_WARN_COMMA = YES;
				CLANG_WARN_CONSTANT_CONVERSION = YES;
				CLANG_WARN_DEPRECATED_OBJC_IMPLEMENTATIONS = YES;
				CLANG_WARN_DIRECT_OBJC_ISA_USAGE = YES_ERROR;
				CLANG_WARN_DOCUMENTATION_COMMENTS = YES;
				CLANG_WARN_EMPTY_BODY = YES;
				CLANG_WARN_ENUM_CONVERSION = YES;
				CLANG_WARN_INFINITE_RECURSION = YES;
				CLANG_WARN_INT_CONVERSION = YES;
				CLANG_WARN_NON_LITERAL_NULL_CONVERSION = YES;
				CLANG_WARN_OBJC_IMPLICIT_RETAIN_SELF = YES;
				CLANG_WARN_OBJC_LITERAL_CONVERSION = YES;
				CLANG_WARN_OBJC_ROOT_CLASS = YES_ERROR;
				CLANG_WARN_QUOTED_INCLUDE_IN_FRAMEWORK_HEADER = YES;
				CLANG_WARN_RANGE_LOOP_ANALYSIS = YES;
				CLANG_WARN_STRICT_PROTOTYPES = YES;
				CLANG_WARN_SUSPICIOUS_MOVE = YES;
				CLANG_WARN_UNGUARDED_AVAILABILITY = YES_AGGRESSIVE;
				CLANG_WARN_UNREACHABLE_CODE = YES;
				CLANG_WARN__DUPLICATE_METHOD_MATCH = YES;
				COPY_PHASE_STRIP = NO;
				DEBUG_INFORMATION_FORMAT = "dwarf-with-dsym";
				ENABLE_NS_ASSERTIONS = NO;
				ENABLE_STRICT_OBJC_MSGSEND = YES;
				GCC_C_LANGUAGE_STANDARD = gnu11;
				GCC_NO_COMMON_BLOCKS = YES;
				GCC_WARN_64_TO_32_BIT_CONVERSION = YES;
				GCC_WARN_ABOUT_RETURN_TYPE = YES_ERROR;
				GCC_WARN_UNDECLARED_SELECTOR = YES;
				GCC_WARN_UNINITIALIZED_AUTOS = YES_AGGRESSIVE;
				GCC_WARN_UNUSED_FUNCTION = YES;
				GCC_WARN_UNUSED_VARIABLE = YES;
				IPHONEOS_DEPLOYMENT_TARGET = 15.4;
				MTL_ENABLE_DEBUG_INFO = NO;
				MTL_FAST_MATH = YES;
				SDKROOT = iphoneos;
				SWIFT_COMPILATION_MODE = wholemodule;
				SWIFT_OPTIMIZATION_LEVEL = "-O";
				VALIDATE_PRODUCT = YES;
			};
			name = Release;
		};
		1FCDFBA32836B0F400D9EE3C /* Debug */ = {
			isa = XCBuildConfiguration;
			buildSettings = {
				ASSETCATALOG_COMPILER_APPICON_NAME = AppIcon;
				ASSETCATALOG_COMPILER_GLOBAL_ACCENT_COLOR_NAME = AccentColor;
				CODE_SIGN_STYLE = Automatic;
				CURRENT_PROJECT_VERSION = 1;
				DEVELOPMENT_TEAM = 3Y6F75U8FC;
				GENERATE_INFOPLIST_FILE = YES;
				INFOPLIST_FILE = "HW 2.10 (2) Gnilitskiy/Info.plist";
				INFOPLIST_KEY_UIApplicationSupportsIndirectInputEvents = YES;
				INFOPLIST_KEY_UILaunchStoryboardName = LaunchScreen;
				INFOPLIST_KEY_UIMainStoryboardFile = Main;
				INFOPLIST_KEY_UISupportedInterfaceOrientations_iPad = "UIInterfaceOrientationPortrait UIInterfaceOrientationPortraitUpsideDown UIInterfaceOrientationLandscapeLeft UIInterfaceOrientationLandscapeRight";
				INFOPLIST_KEY_UISupportedInterfaceOrientations_iPhone = "UIInterfaceOrientationPortrait UIInterfaceOrientationLandscapeLeft UIInterfaceOrientationLandscapeRight";
				LD_RUNPATH_SEARCH_PATHS = (
					"$(inherited)",
					"@executable_path/Frameworks",
				);
				MARKETING_VERSION = 1.0;
				PRODUCT_BUNDLE_IDENTIFIER = "A.Gnilitskiy.HW-2-10--2--Gnilitskiy";
				PRODUCT_NAME = "$(TARGET_NAME)";
				SWIFT_EMIT_LOC_STRINGS = YES;
				SWIFT_VERSION = 5.0;
				TARGETED_DEVICE_FAMILY = "1,2";
			};
			name = Debug;
		};
		1FCDFBA42836B0F400D9EE3C /* Release */ = {
			isa = XCBuildConfiguration;
			buildSettings = {
				ASSETCATALOG_COMPILER_APPICON_NAME = AppIcon;
				ASSETCATALOG_COMPILER_GLOBAL_ACCENT_COLOR_NAME = AccentColor;
				CODE_SIGN_STYLE = Automatic;
				CURRENT_PROJECT_VERSION = 1;
				DEVELOPMENT_TEAM = 3Y6F75U8FC;
				GENERATE_INFOPLIST_FILE = YES;
				INFOPLIST_FILE = "HW 2.10 (2) Gnilitskiy/Info.plist";
				INFOPLIST_KEY_UIApplicationSupportsIndirectInputEvents = YES;
				INFOPLIST_KEY_UILaunchStoryboardName = LaunchScreen;
				INFOPLIST_KEY_UIMainStoryboardFile = Main;
				INFOPLIST_KEY_UISupportedInterfaceOrientations_iPad = "UIInterfaceOrientationPortrait UIInterfaceOrientationPortraitUpsideDown UIInterfaceOrientationLandscapeLeft UIInterfaceOrientationLandscapeRight";
				INFOPLIST_KEY_UISupportedInterfaceOrientations_iPhone = "UIInterfaceOrientationPortrait UIInterfaceOrientationLandscapeLeft UIInterfaceOrientationLandscapeRight";
				LD_RUNPATH_SEARCH_PATHS = (
					"$(inherited)",
					"@executable_path/Frameworks",
				);
				MARKETING_VERSION = 1.0;
				PRODUCT_BUNDLE_IDENTIFIER = "A.Gnilitskiy.HW-2-10--2--Gnilitskiy";
				PRODUCT_NAME = "$(TARGET_NAME)";
				SWIFT_EMIT_LOC_STRINGS = YES;
				SWIFT_VERSION = 5.0;
				TARGETED_DEVICE_FAMILY = "1,2";
			};
			name = Release;
		};
/* End XCBuildConfiguration section */

/* Begin XCConfigurationList section */
		1FCDFB892836B0F300D9EE3C /* Build configuration list for PBXProject "HW 2.10 (2) Gnilitskiy" */ = {
			isa = XCConfigurationList;
			buildConfigurations = (
				1FCDFBA02836B0F400D9EE3C /* Debug */,
				1FCDFBA12836B0F400D9EE3C /* Release */,
			);
			defaultConfigurationIsVisible = 0;
			defaultConfigurationName = Release;
		};
		1FCDFBA22836B0F400D9EE3C /* Build configuration list for PBXNativeTarget "HW 2.10 (2) Gnilitskiy" */ = {
			isa = XCConfigurationList;
			buildConfigurations = (
				1FCDFBA32836B0F400D9EE3C /* Debug */,
				1FCDFBA42836B0F400D9EE3C /* Release */,
			);
			defaultConfigurationIsVisible = 0;
			defaultConfigurationName = Release;
		};
/* End XCConfigurationList section */
	};
	rootObject = 1FCDFB862836B0F300D9EE3C /* Project object */;
}
